github.com/elastic/elastic-transport-go/v8 v8.0.0-20211202110751-50105067ef27 h1:O58SwZ7pdt7Lzy8JqpJubJlgDbr9jVV7ro4HFPvaZDw=
github.com/elastic/elastic-transport-go/v8 v8.0.0-20211202110751-50105067ef27/go.mod h1:87Tcz8IVNe6rVSLdBux1o/PEItLtyabHU3naC7IoqKI=
github.com/elastic/go-elasticsearch/v7 v7.16.0 h1:GHsxDFXIAlhSleXun4kwA89P7kQFADRChqvgOPeYP5A=
github.com/elastic/go-elasticsearch/v7 v7.16.0/go.mod h1:OJ4wdbtDNk5g503kvlHLyErCgQwwzmDtaFC4XyOxXA4=
github.com/elastic/go-elasticsearch/v8 v8.0.0-20211213154259-811d5144a98d h1:P/O4QIC4RqhpfRccX1g5oHfnTM5xfG1QavyNrpfuEt4=
github.com/elastic/go-elasticsearch/v8 v8.0.0-20211213154259-811d5144a98d/go.mod h1:n4xUBsMfOgfj0rCtMLBCxEzsucYlx1pknAqWxI2D9o0=
